// !$*UTF8*$!
{
	archiveVersion = 1;
	classes = {
	};
	objectVersion = 77;
	objects = {

/* Begin PBXBuildFile section */
		67F4913F2F68A5AB0046C445 /* FirebaseAuth in Frameworks */ = {isa = PBXBuildFile; productRef = 67F4913E2F68A5AB0046C445 /* FirebaseAuth */; };
		67F491412F68A5B20046C445 /* FirebaseCore in Frameworks */ = {isa = PBXBuildFile; productRef = 67F491402F68A5B20046C445 /* FirebaseCore */; };
		67F491452F68B5410046C445 /* FirebaseFirestore in Frameworks */ = {isa = PBXBuildFile; productRef = 67F491442F68B5410046C445 /* FirebaseFirestore */; };
		67F491FD2F6BBDB70046C445 /* WidgetKit.framework in Frameworks */ = {isa = PBXBuildFile; fileRef = 67F491FC2F6BBDB70046C445 /* WidgetKit.framework */; };
		67F491FF2F6BBDB70046C445 /* SwiftUI.framework in Frameworks */ = {isa = PBXBuildFile; fileRef = 67F491FE2F6BBDB70046C445 /* SwiftUI.framework */; };
		67F492102F6BBDBA0046C445 /* EverbloomWidgetExtension.appex in Embed Foundation Extensions */ = {isa = PBXBuildFile; fileRef = 67F491FB2F6BBDB70046C445 /* EverbloomWidgetExtension.appex */; settings = {ATTRIBUTES = (RemoveHeadersOnCopy, ); }; };
		67F4931C2F6F40590046C445 /* RevenueCat in Frameworks */ = {isa = PBXBuildFile; productRef = 67F4931B2F6F40590046C445 /* RevenueCat */; };
/* End PBXBuildFile section */

/* Begin PBXContainerItemProxy section */
		67F4920E2F6BBDBA0046C445 /* PBXContainerItemProxy */ = {
			isa = PBXContainerItemProxy;
			containerPortal = 67F491062F6898010046C445 /* Project object */;
			proxyType = 1;
			remoteGlobalIDString = 67F491FA2F6BBDB70046C445;
			remoteInfo = EverbloomWidgetExtension;
		};
/* End PBXContainerItemProxy section */

/* Begin PBXCopyFilesBuildPhase section */
		67F492152F6BBDBA0046C445 /* Embed Foundation Extensions */ = {
			isa = PBXCopyFilesBuildPhase;
			buildActionMask = 2147483647;
			dstPath = "";
			dstSubfolderSpec = 13;
			files = (
				67F492102F6BBDBA0046C445 /* EverbloomWidgetExtension.appex in Embed Foundation Extensions */,
			);
			name = "Embed Foundation Extensions";
			runOnlyForDeploymentPostprocessing = 0;
		};
/* End PBXCopyFilesBuildPhase section */

/* Begin PBXFileReference section */
		67F4910E2F6898010046C445 /* Everbloom.App.app */ = {isa = PBXFileReference; explicitFileType = wrapper.application; includeInIndex = 0; path = Everbloom.App.app; sourceTree = BUILT_PRODUCTS_DIR; };
		67F491FB2F6BBDB70046C445 /* EverbloomWidgetExtension.appex */ = {isa = PBXFileReference; explicitFileType = "wrapper.app-extension"; includeInIndex = 0; path = EverbloomWidgetExtension.appex; sourceTree = BUILT_PRODUCTS_DIR; };
		67F491FC2F6BBDB70046C445 /* WidgetKit.framework */ = {isa = PBXFileReference; lastKnownFileType = wrapper.framework; name = WidgetKit.framework; path = System/Library/Frameworks/WidgetKit.framework; sourceTree = SDKROOT; };
		67F491FE2F6BBDB70046C445 /* SwiftUI.framework */ = {isa = PBXFileReference; lastKnownFileType = wrapper.framework; name = SwiftUI.framework; path = System/Library/Frameworks/SwiftUI.framework; sourceTree = SDKROOT; };
/* End PBXFileReference section */

/* Begin PBXFileSystemSynchronizedBuildFileExceptionSet section */
		67F492112F6BBDBA0046C445 /* Exceptions for "EverbloomWidget" folder in "EverbloomWidgetExtension" target */ = {
			isa = PBXFileSystemSynchronizedBuildFileExceptionSet;
			membershipExceptions = (
				Info.plist,
			);
			target = 67F491FA2F6BBDB70046C445 /* EverbloomWidgetExtension */;
		};
		A1B2C3D42F6BBDBA0046C445 /* Exceptions for "Everbloom.App" folder in "Everbloom.App" target */ = {
			isa = PBXFileSystemSynchronizedBuildFileExceptionSet;
			membershipExceptions = (
				Info.plist,
			);
			target = 67F4910D2F6898010046C445 /* Everbloom.App */;
		};
/* End PBXFileSystemSynchronizedBuildFileExceptionSet section */

/* Begin PBXFileSystemSynchronizedRootGroup section */
		67F491102F6898010046C445 /* Everbloom.App */ = {
			isa = PBXFileSystemSynchronizedRootGroup;
			exceptions = (
				A1B2C3D42F6BBDBA0046C445 /* Exceptions for "Everbloom.App" folder in "Everbloom.App" target */,
			);
			path = Everbloom.App;
			sourceTree = "<group>";
		};
		67F492002F6BBDB70046C445 /* EverbloomWidget */ = {
			isa = PBXFileSystemSynchronizedRootGroup;
			exceptions = (
				67F492112F6BBDBA0046C445 /* Exceptions for "EverbloomWidget" folder in "EverbloomWidgetExtension" target */,
			);
			path = EverbloomWidget;
			sourceTree = "<group>";
		};
/* End PBXFileSystemSynchronizedRootGroup section */

/* Begin PBXFrameworksBuildPhase section */
		67F4910B2F6898010046C445 /* Frameworks */ = {
			isa = PBXFrameworksBuildPhase;
			buildActionMask = 2147483647;
			files = (
				67F491412F68A5B20046C445 /* FirebaseCore in Frameworks */,
				67F4913F2F68A5AB0046C445 /* FirebaseAuth in Frameworks */,
				67F491452F68B5410046C445 /* FirebaseFirestore in Frameworks */,
				67F4931C2F6F40590046C445 /* RevenueCat in Frameworks */,
			);
			runOnlyForDeploymentPostprocessing = 0;
		};
		67F491F82F6BBDB70046C445 /* Frameworks */ = {
			isa = PBXFrameworksBuildPhase;
			buildActionMask = 2147483647;
			files = (
				67F491FF2F6BBDB70046C445 /* SwiftUI.framework in Frameworks */,
				67F491FD2F6BBDB70046C445 /* WidgetKit.framework in Frameworks */,
			);
			runOnlyForDeploymentPostprocessing = 0;
		};
/* End PBXFrameworksBuildPhase section */

/* Begin PBXGroup section */
		67F491052F6898010046C445 = {
			isa = PBXGroup;
			children = (
				67F491102F6898010046C445 /* Everbloom.App */,
				67F492002F6BBDB70046C445 /* EverbloomWidget */,
				67F4913D2F68A5AB0046C445 /* Frameworks */,
				67F4910F2F6898010046C445 /* Products */,
			);
			sourceTree = "<group>";
		};
		67F4910F2F6898010046C445 /* Products */ = {
			isa = PBXGroup;
			children = (
				67F4910E2F6898010046C445 /* Everbloom.App.app */,
				67F491FB2F6BBDB70046C445 /* EverbloomWidgetExtension.appex */,
			);
			name = Products;
			sourceTree = "<group>";
		};
		67F4913D2F68A5AB0046C445 /* Frameworks */ = {
			isa = PBXGroup;
			children = (
				67F491FC2F6BBDB70046C445 /* WidgetKit.framework */,
				67F491FE2F6BBDB70046C445 /* SwiftUI.framework */,
			);
			name = Frameworks;
			sourceTree = "<group>";
		};
/* End PBXGroup section */

/* Begin PBXNativeTarget section */
		67F4910D2F6898010046C445 /* Everbloom.App */ = {
			isa = PBXNativeTarget;
			buildConfigurationList = 67F491192F6898040046C445 /* Build configuration list for PBXNativeTarget "Everbloom.App" */;
			buildPhases = (
				67F4910A2F6898010046C445 /* Sources */,
				67F4910B2F6898010046C445 /* Frameworks */,
				67F4910C2F6898010046C445 /* Resources */,
				67F492152F6BBDBA0046C445 /* Embed Foundation Extensions */,
			);
			buildRules = (
			);
			dependencies = (
				67F4920F2F6BBDBA0046C445 /* PBXTargetDependency */,
			);
			fileSystemSynchronizedGroups = (
				67F491102F6898010046C445 /* Everbloom.App */,
			);
			name = Everbloom.App;
			packageProductDependencies = (
				67F4913E2F68A5AB0046C445 /* FirebaseAuth */,
				67F491402F68A5B20046C445 /* FirebaseCore */,
				67F491442F68B5410046C445 /* FirebaseFirestore */,
				67F4931B2F6F40590046C445 /* RevenueCat */,
			);
			productName = Everbloom.App;
			productReference = 67F4910E2F6898010046C445 /* Everbloom.App.app */;
			productType = "com.apple.product-type.application";
		};
		67F491FA2F6BBDB70046C445 /* EverbloomWidgetExtension */ = {
			isa = PBXNativeTarget;
			buildConfigurationList = 67F492122F6BBDBA0046C445 /* Build configuration list for PBXNativeTarget "EverbloomWidgetExtension" */;
			buildPhases = (
				67F491F72F6BBDB70046C445 /* Sources */,
				67F491F82F6BBDB70046C445 /* Frameworks */,
				67F491F92F6BBDB70046C445 /* Resources */,
			);
			buildRules = (
			);
			dependencies = (
			);
			fileSystemSynchronizedGroups = (
				67F492002F6BBDB70046C445 /* EverbloomWidget */,
			);
			name = EverbloomWidgetExtension;
			packageProductDependencies = (
			);
			productName = EverbloomWidgetExtension;
			productReference = 67F491FB2F6BBDB70046C445 /* EverbloomWidgetExtension.appex */;
			productType = "com.apple.product-type.app-extension";
		};
/* End PBXNativeTarget section */

/* Begin PBXProject section */
		67F491062F6898010046C445 /* Project object */ = {
			isa = PBXProject;
			attributes = {
				BuildIndependentTargetsInParallel = 1;
				LastSwiftUpdateCheck = 2630;
				LastUpgradeCheck = 2630;
				TargetAttributes = {
					67F4910D2F6898010046C445 = {
						CreatedOnToolsVersion = 26.3;
						SystemCapabilities = {
							com.apple.HealthKit = {
								enabled = 1;
							};
						};
					};
					67F491FA2F6BBDB70046C445 = {
						CreatedOnToolsVersion = 26.3;
					};
				};
			};
			buildConfigurationList = 67F491092F6898010046C445 /* Build configuration list for PBXProject "Everbloom.App" */;
			developmentRegion = en;
			hasScannedForEncodings = 0;
			knownRegions = (
				en,
				Base,
			);
			mainGroup = 67F491052F6898010046C445;
			minimizedProjectReferenceProxies = 1;
			packageReferences = (
				67F4913C2F68A4A50046C445 /* XCRemoteSwiftPackageReference "firebase-ios-sdk" */,
				67F4931A2F6E54BE0046C445 /* XCRemoteSwiftPackageReference "purchases-ios-spm" */,
			);
			preferredProjectObjectVersion = 77;
			productRefGroup = 67F4910F2F6898010046C445 /* Products */;
			projectDirPath = "";
			projectRoot = "";
			targets = (
				67F4910D2F6898010046C445 /* Everbloom.App */,
				67F491FA2F6BBDB70046C445 /* EverbloomWidgetExtension */,
			);
		};
/* End PBXProject section */

/* Begin PBXResourcesBuildPhase section */
		67F4910C2F6898010046C445 /* Resources */ = {
			isa = PBXResourcesBuildPhase;
			buildActionMask = 2147483647;
			files = (
			);
			runOnlyForDeploymentPostprocessing = 0;
		};
		67F491F92F6BBDB70046C445 /* Resources */ = {
			isa = PBXResourcesBuildPhase;
			buildActionMask = 2147483647;
			files = (
			);
			runOnlyForDeploymentPostprocessing = 0;
		};
/* End PBXResourcesBuildPhase section */

/* Begin PBXSourcesBuildPhase section */
		67F4910A2F6898010046C445 /* Sources */ = {
			isa = PBXSourcesBuildPhase;
			buildActionMask = 2147483647;
			files = (
			);
			runOnlyForDeploymentPostprocessing = 0;
		};
		67F491F72F6BBDB70046C445 /* Sources */ = {
			isa = PBXSourcesBuildPhase;
			buildActionMask = 2147483647;
			files = (
			);
			runOnlyForDeploymentPostprocessing = 0;
		};
/* End PBXSourcesBuildPhase section */

/* Begin PBXTargetDependency section */
		67F4920F2F6BBDBA0046C445 /* PBXTargetDependency */ = {
			isa = PBXTargetDependency;
			target = 67F491FA2F6BBDB70046C445 /* EverbloomWidgetExtension */;
			targetProxy = 67F4920E2F6BBDBA0046C445 /* PBXContainerItemProxy */;
		};
/* End PBXTargetDependency section */

/* Begin XCBuildConfiguration section */
		67F491172F6898040046C445 /* Debug */ = {
			isa = XCBuildConfiguration;
			buildSettings = {
				ALWAYS_SEARCH_USER_PATHS = NO;
				ASSETCATALOG_COMPILER_GENERATE_SWIFT_ASSET_SYMBOL_EXTENSIONS = YES;
				CLANG_ANALYZER_NONNULL = YES;
				CLANG_ANALYZER_NUMBER_OBJECT_CONVERSION = YES_AGGRESSIVE;
				CLANG_CXX_LANGUAGE_STANDARD = "gnu++20";
				CLANG_ENABLE_MODULES = YES;
				CLANG_ENABLE_OBJC_ARC = YES;
				CLANG_ENABLE_OBJC_WEAK = YES;
				CLANG_WARN_BLOCK_CAPTURE_AUTORELEASING = YES;
				CLANG_WARN_BOOL_CONVERSION = YES;
				CLANG_WARN_COMMA = YES;
				CLANG_WARN_CONSTANT_CONVERSION = YES;
				CLANG_WARN_DEPRECATED_OBJC_IMPLEMENTATIONS = YES;
				CLANG_WARN_DIRECT_OBJC_ISA_USAGE = YES_ERROR;
				CLANG_WARN_DOCUMENTATION_COMMENTS = YES;
				CLANG_WARN_EMPTY_BODY = YES;
				CLANG_WARN_ENUM_CONVERSION = YES;
				CLANG_WARN_INFINITE_RECURSION = YES;
				CLANG_WARN_INT_CONVERSION = YES;
				CLANG_WARN_NON_LITERAL_NULL_CONVERSION = YES;
				CLANG_WARN_OBJC_IMPLICIT_RETAIN_SELF = YES;
				CLANG_WARN_OBJC_LITERAL_CONVERSION = YES;
				CLANG_WARN_OBJC_ROOT_CLASS = YES_ERROR;
				CLANG_WARN_QUOTED_INCLUDE_IN_FRAMEWORK_HEADER = YES;
				CLANG_WARN_RANGE_LOOP_ANALYSIS = YES;
				CLANG_WARN_STRICT_PROTOTYPES = YES;
				CLANG_WARN_SUSPICIOUS_MOVE = YES;
				CLANG_WARN_UNGUARDED_AVAILABILITY = YES_AGGRESSIVE;
				CLANG_WARN_UNREACHABLE_CODE = YES;
				CLANG_WARN__DUPLICATE_METHOD_MATCH = YES;
				COPY_PHASE_STRIP = NO;
				DEBUG_INFORMATION_FORMAT = dwarf;
				ENABLE_STRICT_OBJC_MSGSEND = YES;
				ENABLE_TESTABILITY = YES;
				ENABLE_USER_SCRIPT_SANDBOXING = YES;
				GCC_C_LANGUAGE_STANDARD = gnu17;
				GCC_DYNAMIC_NO_PIC = NO;
				GCC_NO_COMMON_BLOCKS = YES;
				GCC_OPTIMIZATION_LEVEL = 0;
				GCC_PREPROCESSOR_DEFINITIONS = (
					"DEBUG=1",
					"$(inherited)",
				);
				GCC_WARN_64_TO_32_BIT_CONVERSION = YES;
				GCC_WARN_ABOUT_RETURN_TYPE = YES_ERROR;
				GCC_WARN_UNDECLARED_SELECTOR = YES;
				GCC_WARN_UNINITIALIZED_AUTOS = YES_AGGRESSIVE;
				GCC_WARN_UNUSED_FUNCTION = YES;
				GCC_WARN_UNUSED_VARIABLE = YES;
				LOCALIZATION_PREFERS_STRING_CATALOGS = YES;
				MTL_ENABLE_DEBUG_INFO = INCLUDE_SOURCE;
				MTL_FAST_MATH = YES;
				ONLY_ACTIVE_ARCH = YES;
				SWIFT_ACTIVE_COMPILATION_CONDITIONS = "DEBUG $(inherited)";
				SWIFT_OPTIMIZATION_LEVEL = "-Onone";
			};
			name = Debug;
		};
		67F491182F6898040046C445 /* Release */ = {
			isa = XCBuildConfiguration;
			buildSettings = {
				ALWAYS_SEARCH_USER_PATHS = NO;
				ASSETCATALOG_COMPILER_GENERATE_SWIFT_ASSET_SYMBOL_EXTENSIONS = YES;
				CLANG_ANALYZER_NONNULL = YES;
				CLANG_ANALYZER_NUMBER_OBJECT_CONVERSION = YES_AGGRESSIVE;
				CLANG_CXX_LANGUAGE_STANDARD = "gnu++20";
				CLANG_ENABLE_MODULES = YES;
				CLANG_ENABLE_OBJC_ARC = YES;
				CLANG_ENABLE_OBJC_WEAK = YES;
				CLANG_WARN_BLOCK_CAPTURE_AUTORELEASING = YES;
				CLANG_WARN_BOOL_CONVERSION = YES;
				CLANG_WARN_COMMA = YES;
				CLANG_WARN_CONSTANT_CONVERSION = YES;
				CLANG_WARN_DEPRECATED_OBJC_IMPLEMENTATIONS = YES;
				CLANG_WARN_DIRECT_OBJC_ISA_USAGE = YES_ERROR;
				CLANG_WARN_DOCUMENTATION_COMMENTS = YES;
				CLANG_WARN_EMPTY_BODY = YES;
				CLANG_WARN_ENUM_CONVERSION = YES;
				CLANG_WARN_INFINITE_RECURSION = YES;
				CLANG_WARN_INT_CONVERSION = YES;
				CLANG_WARN_NON_LITERAL_NULL_CONVERSION = YES;
				CLANG_WARN_OBJC_IMPLICIT_RETAIN_SELF = YES;
				CLANG_WARN_OBJC_LITERAL_CONVERSION = YES;
				CLANG_WARN_OBJC_ROOT_CLASS = YES_ERROR;
				CLANG_WARN_QUOTED_INCLUDE_IN_FRAMEWORK_HEADER = YES;
				CLANG_WARN_RANGE_LOOP_ANALYSIS = YES;
				CLANG_WARN_STRICT_PROTOTYPES = YES;
				CLANG_WARN_SUSPICIOUS_MOVE = YES;
				CLANG_WARN_UNGUARDED_AVAILABILITY = YES_AGGRESSIVE;
				CLANG_WARN_UNREACHABLE_CODE = YES;
				CLANG_WARN__DUPLICATE_METHOD_MATCH = YES;
				COPY_PHASE_STRIP = NO;
				DEBUG_INFORMATION_FORMAT = "dwarf-with-dsym";
				ENABLE_NS_ASSERTIONS = NO;
				ENABLE_STRICT_OBJC_MSGSEND = YES;
				ENABLE_USER_SCRIPT_SANDBOXING = YES;
				GCC_C_LANGUAGE_STANDARD = gnu17;
				GCC_NO_COMMON_BLOCKS = YES;
				GCC_WARN_64_TO_32_BIT_CONVERSION = YES;
				GCC_WARN_ABOUT_RETURN_TYPE = YES_ERROR;
				GCC_WARN_UNDECLARED_SELECTOR = YES;
				GCC_WARN_UNINITIALIZED_AUTOS = YES_AGGRESSIVE;
				GCC_WARN_UNUSED_FUNCTION = YES;
				GCC_WARN_UNUSED_VARIABLE = YES;
				LOCALIZATION_PREFERS_STRING_CATALOGS = YES;
				MTL_ENABLE_DEBUG_INFO = NO;
				MTL_FAST_MATH = YES;
				SWIFT_COMPILATION_MODE = wholemodule;
			};
			name = Release;
		};
		67F4911A2F6898040046C445 /* Debug */ = {
			isa = XCBuildConfiguration;
			buildSettings = {
				ASSETCATALOG_COMPILER_APPICON_NAME = AppIcon;
				ASSETCATALOG_COMPILER_GLOBAL_ACCENT_COLOR_NAME = AccentColor;
				CODE_SIGN_ENTITLEMENTS = "Everbloom.App/Everbloom.App.entitlements";
				CODE_SIGN_STYLE = Automatic;
				CURRENT_PROJECT_VERSION = 1;
				DEVELOPMENT_TEAM = DU292XV962;
				ENABLE_APP_SANDBOX = YES;
				ENABLE_PREVIEWS = YES;
				ENABLE_USER_SELECTED_FILES = readonly;
				GENERATE_INFOPLIST_FILE = NO;
				INFOPLIST_FILE = Everbloom.App/Info.plist;
				INFOPLIST_KEY_CFBundleDisplayName = Everbloom;
				INFOPLIST_KEY_LSApplicationCategoryType = "public.app-category.healthcare-fitness";
				IPHONEOS_DEPLOYMENT_TARGET = 26.2;
				LD_RUNPATH_SEARCH_PATHS = "@executable_path/Frameworks";
				"LD_RUNPATH_SEARCH_PATHS[sdk=macosx*]" = "@executable_path/../Frameworks";
				MACOSX_DEPLOYMENT_TARGET = 15.7;
				MARKETING_VERSION = 1.0;
				PRODUCT_BUNDLE_IDENTIFIER = "Everbloom.Everbloom-App";
				PRODUCT_NAME = "$(TARGET_NAME)";
				REGISTER_APP_GROUPS = YES;
				SDKROOT = auto;
				STRING_CATALOG_GENERATE_SYMBOLS = YES;
				SUPPORTED_PLATFORMS = "iphoneos iphonesimulator macosx xros xrsimulator";
				SWIFT_APPROACHABLE_CONCURRENCY = YES;
				SWIFT_DEFAULT_ACTOR_ISOLATION = MainActor;
				SWIFT_EMIT_LOC_STRINGS = YES;
				SWIFT_UPCOMING_FEATURE_MEMBER_IMPORT_VISIBILITY = YES;
				SWIFT_VERSION = 5.0;
				TARGETED_DEVICE_FAMILY = "1,2,7";
				XROS_DEPLOYMENT_TARGET = 26.2;
			};
			name = Debug;
		};
		67F4911B2F6898040046C445 /* Release */ = {
			isa = XCBuildConfiguration;
			buildSettings = {
				ASSETCATALOG_COMPILER_APPICON_NAME = AppIcon;
				ASSETCATALOG_COMPILER_GLOBAL_ACCENT_COLOR_NAME = AccentColor;
				CODE_SIGN_ENTITLEMENTS = "Everbloom.App/Everbloom.App.entitlements";
				CODE_SIGN_STYLE = Automatic;
				CURRENT_PROJECT_VERSION = 1;
				DEVELOPMENT_TEAM = DU292XV962;
				ENABLE_APP_SANDBOX = YES;
				ENABLE_PREVIEWS = YES;
				ENABLE_USER_SELECTED_FILES = readonly;
				GENERATE_INFOPLIST_FILE = NO;
				INFOPLIST_FILE = Everbloom.App/Info.plist;
				INFOPLIST_KEY_CFBundleDisplayName = Everbloom;
				INFOPLIST_KEY_LSApplicationCategoryType = "public.app-category.healthcare-fitness";
				IPHONEOS_DEPLOYMENT_TARGET = 26.2;
				LD_RUNPATH_SEARCH_PATHS = "@executable_path/Frameworks";
				"LD_RUNPATH_SEARCH_PATHS[sdk=macosx*]" = "@executable_path/../Frameworks";
				MACOSX_DEPLOYMENT_TARGET = 15.7;
				MARKETING_VERSION = 1.0;
				PRODUCT_BUNDLE_IDENTIFIER = "Everbloom.Everbloom-App";
				PRODUCT_NAME = "$(TARGET_NAME)";
				REGISTER_APP_GROUPS = YES;
				SDKROOT = auto;
				STRING_CATALOG_GENERATE_SYMBOLS = YES;
				SUPPORTED_PLATFORMS = "iphoneos iphonesimulator macosx xros xrsimulator";
				SWIFT_APPROACHABLE_CONCURRENCY = YES;
				SWIFT_DEFAULT_ACTOR_ISOLATION = MainActor;
				SWIFT_EMIT_LOC_STRINGS = YES;
				SWIFT_UPCOMING_FEATURE_MEMBER_IMPORT_VISIBILITY = YES;
				SWIFT_VERSION = 5.0;
				TARGETED_DEVICE_FAMILY = "1,2,7";
				XROS_DEPLOYMENT_TARGET = 26.2;
			};
			name = Release;
		};
		67F492132F6BBDBA0046C445 /* Debug */ = {
			isa = XCBuildConfiguration;
			buildSettings = {
				ASSETCATALOG_COMPILER_GLOBAL_ACCENT_COLOR_NAME = AccentColor;
				ASSETCATALOG_COMPILER_WIDGET_BACKGROUND_COLOR_NAME = WidgetBackground;
				CODE_SIGN_STYLE = Automatic;
				CURRENT_PROJECT_VERSION = 1;
				DEVELOPMENT_TEAM = DU292XV962;
				GENERATE_INFOPLIST_FILE = YES;
				INFOPLIST_FILE = EverbloomWidget/Info.plist;
				INFOPLIST_KEY_CFBundleDisplayName = EverbloomWidget;
				INFOPLIST_KEY_NSHumanReadableCopyright = "";
				IPHONEOS_DEPLOYMENT_TARGET = 26.2;
				LD_RUNPATH_SEARCH_PATHS = (
					"$(inherited)",
					"@executable_path/Frameworks",
					"@executable_path/../../Frameworks",
				);
				MARKETING_VERSION = 1.0;
				PRODUCT_BUNDLE_IDENTIFIER = "Everbloom.Everbloom-App.EverbloomWidget";
				PRODUCT_NAME = "$(TARGET_NAME)";
				SDKROOT = iphoneos;
				SKIP_INSTALL = YES;
				STRING_CATALOG_GENERATE_SYMBOLS = YES;
				SWIFT_APPROACHABLE_CONCURRENCY = YES;
				SWIFT_EMIT_LOC_STRINGS = YES;
				SWIFT_UPCOMING_FEATURE_MEMBER_IMPORT_VISIBILITY = YES;
				SWIFT_VERSION = 5.0;
				TARGETED_DEVICE_FAMILY = "1,2";
			};
			name = Debug;
		};
		67F492142F6BBDBA0046C445 /* Release */ = {
			isa = XCBuildConfiguration;
			buildSettings = {
				ASSETCATALOG_COMPILER_GLOBAL_ACCENT_COLOR_NAME = AccentColor;
				ASSETCATALOG_COMPILER_WIDGET_BACKGROUND_COLOR_NAME = WidgetBackground;
				CODE_SIGN_STYLE = Automatic;
				CURRENT_PROJECT_VERSION = 1;
				DEVELOPMENT_TEAM = DU292XV962;
				GENERATE_INFOPLIST_FILE = YES;
				INFOPLIST_FILE = EverbloomWidget/Info.plist;
				INFOPLIST_KEY_CFBundleDisplayName = EverbloomWidget;
				INFOPLIST_KEY_NSHumanReadableCopyright = "";
				IPHONEOS_DEPLOYMENT_TARGET = 26.2;
				LD_RUNPATH_SEARCH_PATHS = (
					"$(inherited)",
					"@executable_path/Frameworks",
					"@executable_path/../../Frameworks",
				);
				MARKETING_VERSION = 1.0;
				PRODUCT_BUNDLE_IDENTIFIER = "Everbloom.Everbloom-App.EverbloomWidget";
				PRODUCT_NAME = "$(TARGET_NAME)";
				SDKROOT = iphoneos;
				SKIP_INSTALL = YES;
				STRING_CATALOG_GENERATE_SYMBOLS = YES;
				SWIFT_APPROACHABLE_CONCURRENCY = YES;
				SWIFT_EMIT_LOC_STRINGS = YES;
				SWIFT_UPCOMING_FEATURE_MEMBER_IMPORT_VISIBILITY = YES;
				SWIFT_VERSION = 5.0;
				TARGETED_DEVICE_FAMILY = "1,2";
				VALIDATE_PRODUCT = YES;
			};
			name = Release;
		};
/* End XCBuildConfiguration section */

/* Begin XCConfigurationList section */
		67F491092F6898010046C445 /* Build configuration list for PBXProject "Everbloom.App" */ = {
			isa = XCConfigurationList;
			buildConfigurations = (
				67F491172F6898040046C445 /* Debug */,
				67F491182F6898040046C445 /* Release */,
			);
			defaultConfigurationIsVisible = 0;
			defaultConfigurationName = Release;
		};
		67F491192F6898040046C445 /* Build configuration list for PBXNativeTarget "Everbloom.App" */ = {
			isa = XCConfigurationList;
			buildConfigurations = (
				67F4911A2F6898040046C445 /* Debug */,
				67F4911B2F6898040046C445 /* Release */,
			);
			defaultConfigurationIsVisible = 0;
			defaultConfigurationName = Release;
		};
		67F492122F6BBDBA0046C445 /* Build configuration list for PBXNativeTarget "EverbloomWidgetExtension" */ = {
			isa = XCConfigurationList;
			buildConfigurations = (
				67F492132F6BBDBA0046C445 /* Debug */,
				67F492142F6BBDBA0046C445 /* Release */,
			);
			defaultConfigurationIsVisible = 0;
			defaultConfigurationName = Release;
		};
/* End XCConfigurationList section */

/* Begin XCRemoteSwiftPackageReference section */
		67F4913C2F68A4A50046C445 /* XCRemoteSwiftPackageReference "firebase-ios-sdk" */ = {
			isa = XCRemoteSwiftPackageReference;
			repositoryURL = "https://github.com/firebase/firebase-ios-sdk";
			requirement = {
				kind = upToNextMajorVersion;
				minimumVersion = 12.11.0;
			};
		};
		67F4931A2F6E54BE0046C445 /* XCRemoteSwiftPackageReference "purchases-ios-spm" */ = {
			isa = XCRemoteSwiftPackageReference;
			repositoryURL = "https://github.com/RevenueCat/purchases-ios-spm.git";
			requirement = {
				kind = upToNextMajorVersion;
				minimumVersion = 5.66.0;
			};
		};
/* End XCRemoteSwiftPackageReference section */

/* Begin XCSwiftPackageProductDependency section */
		67F4913E2F68A5AB0046C445 /* FirebaseAuth */ = {
			isa = XCSwiftPackageProductDependency;
			package = 67F4913C2F68A4A50046C445 /* XCRemoteSwiftPackageReference "firebase-ios-sdk" */;
			productName = FirebaseAuth;
		};
		67F491402F68A5B20046C445 /* FirebaseCore */ = {
			isa = XCSwiftPackageProductDependency;
			package = 67F4913C2F68A4A50046C445 /* XCRemoteSwiftPackageReference "firebase-ios-sdk" */;
			productName = FirebaseCore;
		};
		67F491442F68B5410046C445 /* FirebaseFirestore */ = {
			isa = XCSwiftPackageProductDependency;
			package = 67F4913C2F68A4A50046C445 /* XCRemoteSwiftPackageReference "firebase-ios-sdk" */;
			productName = FirebaseFirestore;
		};
		67F4931B2F6F40590046C445 /* RevenueCat */ = {
			isa = XCSwiftPackageProductDependency;
			package = 67F4931A2F6E54BE0046C445 /* XCRemoteSwiftPackageReference "purchases-ios-spm" */;
			productName = RevenueCat;
		};
/* End XCSwiftPackageProductDependency section */
	};
	rootObject = 67F491062F6898010046C445 /* Project object */;
}
